<?xml version="1.0" encoding="utf-8"?>
<Project ToolsVersion="4.0" xmlns="http://schemas.microsoft.com/developer/msbuild/2003">
  <ItemGroup>
    <Filter Include="Source Files">
      <UniqueIdentifier>{4FC737F1-C7A5-4376-A066-2A32D752A2FF}</UniqueIdentifier>
      <Extensions>cpp;c;cc;cxx;def;odl;idl;hpj;bat;asm;asmx</Extensions>
    </Filter>
    <Filter Include="Header Files">
      <UniqueIdentifier>{93995380-89BD-4b04-88EB-625FBE52EBFB}</UniqueIdentifier>
      <Extensions>h;hh;hpp;hxx;hm;inl;inc;xsd</Extensions>
    </Filter>
    <Filter Include="Resource Files">
      <UniqueIdentifier>{67DA6AB6-F800-4c08-8B7A-83BB121AAD01}</UniqueIdentifier>
      <Extensions>rc;ico;cur;bmp;dlg;rc2;rct;bin;rgs;gif;jpg;jpeg;jpe;resx;tiff;tif;png;wav;mfcribbon-ms</Extensions>
    </Filter>
    <Filter Include="ThirdParty">
      <UniqueIdentifier>{2de683b1-e656-46c1-8409-ab783de9503b}</UniqueIdentifier>
    </Filter>
    <Filter Include="Camera">
      <UniqueIdentifier>{aba26f4e-5e0f-45c1-8970-68245c5fe567}</UniqueIdentifier>
    </Filter>
    <Filter Include="Object">
      <UniqueIdentifier>{22ca2254-4500-4e6c-bcdc-c682e9336ef1}</UniqueIdentifier>
    </Filter>
    <Filter Include="Object\Shapes">
      <UniqueIdentifier>{6a23782a-46b7-4d6e-ae07-15976b041493}</UniqueIdentifier>
    </Filter>
    <Filter Include="ConstantBuffer">
      <UniqueIdentifier>{62963594-49a3-4b2b-bf19-59d2dc853717}</UniqueIdentifier>
    </Filter>
  </ItemGroup>
  <ItemGroup>
    <ClInclude Include="ThirdParty\DDSTextureLoader.h">
      <Filter>ThirdParty</Filter>
    </ClInclude>
    <ClInclude Include="ThirdParty\DXErr.h">
      <Filter>ThirdParty</Filter>
    </ClInclude>
    <ClInclude Include="Source\D3DApp.h">
      <Filter>Header Files</Filter>
    </ClInclude>
    <ClInclude Include="Source\D3DTypes.h">
      <Filter>Header Files</Filter>
    </ClInclude>
    <ClInclude Include="Source\D3DUtil.h">
      <Filter>Header Files</Filter>
    </ClInclude>
    <ClInclude Include="Source\GameTimer.h">
      <Filter>Header Files</Filter>
    </ClInclude>
    <ClInclude Include="Source\GeometryGenerator.h">
      <Filter>Header Files</Filter>
    </ClInclude>
    <ClInclude Include="Source\LightHelper.h">
      <Filter>Header Files</Filter>
    </ClInclude>
    <ClInclude Include="Source\MathHelper.h">
      <Filter>Header Files</Filter>
    </ClInclude>
    <ClInclude Include="Source\Vertex.h">
      <Filter>Header Files</Filter>
    </ClInclude>
    <ClInclude Include="Camera\GFirstPersonCamera.h">
      <Filter>Camera</Filter>
    </ClInclude>
    <ClInclude Include="Camera\GStillCamera.h">
      <Filter>Camera</Filter>
    </ClInclude>
    <ClInclude Include="Camera\GCamera.h">
      <Filter>Camera</Filter>
    </ClInclude>
    <ClInclude Include="Source\GMaterial.h">
      <Filter>Header Files</Filter>
    </ClInclude>
    <ClInclude Include="Source\GPixelShader.h">
      <Filter>Header Files</Filter>
    </ClInclude>
    <ClInclude Include="Source\GVertexShader.h">
      <Filter>Header Files</Filter>
    </ClInclude>
    <ClInclude Include="Source\GRenderer.h">
      <Filter>Header Files</Filter>
    </ClInclude>
    <ClInclude Include="Source\GCube.h">
      <Filter>Object\Shapes</Filter>
    </ClInclude>
    <ClInclude Include="Source\GPlane.h">
      <Filter>Object\Shapes</Filter>
    </ClInclude>
    <ClInclude Include="Source\GPlaneXY.h">
      <Filter>Object\Shapes</Filter>
    </ClInclude>
    <ClInclude Include="Source\GPlaneXZ.h">
      <Filter>Object\Shapes</Filter>
    </ClInclude>
    <ClInclude Include="Source\GPlaneYZ.h">
      <Filter>Object\Shapes</Filter>
    </ClInclude>
    <ClInclude Include="Source\GSphere.h">
      <Filter>Object\Shapes</Filter>
    </ClInclude>
    <ClInclude Include="Source\GTriangle.h">
      <Filter>Object\Shapes</Filter>
    </ClInclude>
    <ClInclude Include="Source\GObject.h">
      <Filter>Object</Filter>
    </ClInclude>
    <ClInclude Include="Source\LightEyeCB.h">
      <Filter>ConstantBuffer</Filter>
    </ClInclude>
    <ClInclude Include="Source\GConstantBuffer.h">
      <Filter>ConstantBuffer</Filter>
    </ClInclude>
    <ClInclude Include="Source\ObjectTransformsCB.h">
      <Filter>ConstantBuffer</Filter>
    </ClInclude>
    <ClInclude Include="Source\RenderStates.h">
      <Filter>Source Files</Filter>
    </ClInclude>
    <ClInclude Include="Source\GShader.h">
      <Filter>Header Files</Filter>
    </ClInclude>
  </ItemGroup>
  <ItemGroup>
    <ClCompile Include="ThirdParty\DDSTextureLoader.cpp">
      <Filter>ThirdParty</Filter>
    </ClCompile>
    <ClCompile Include="ThirdParty\DXErr.cpp">
      <Filter>ThirdParty</Filter>
    </ClCompile>
    <ClCompile Include="Source\D3DApp.cpp">
      <Filter>Source Files</Filter>
    </ClCompile>
    <ClCompile Include="Source\GameTimer.cpp">
      <Filter>Source Files</Filter>
    </ClCompile>
    <ClCompile Include="Source\GeometryGenerator.cpp">
      <Filter>Source Files</Filter>
    </ClCompile>
    <ClCompile Include="Source\MathHelper.cpp">
      <Filter>Source Files</Filter>
    </ClCompile>
    <ClCompile Include="Camera\GFirstPersonCamera.cpp">
      <Filter>Camera</Filter>
    </ClCompile>
    <ClCompile Include="Camera\GStillCamera.cpp">
      <Filter>Camera</Filter>
    </ClCompile>
    <ClCompile Include="Camera\GCamera.cpp">
      <Filter>Camera</Filter>
    </ClCompile>
    <ClCompile Include="Source\GMaterial.cpp">
      <Filter>Source Files</Filter>
    </ClCompile>
    <ClCompile Include="Source\GPixelShader.cpp">
      <Filter>Source Files</Filter>
    </ClCompile>
    <ClCompile Include="Source\GVertexShader.cpp">
      <Filter>Source Files</Filter>
    </ClCompile>
    <ClCompile Include="Source\GRenderer.cpp">
      <Filter>Source Files</Filter>
    </ClCompile>
    <ClCompile Include="Source\GCube.cpp">
      <Filter>Object\Shapes</Filter>
    </ClCompile>
    <ClCompile Include="Source\GPlaneXY.cpp">
      <Filter>Object\Shapes</Filter>
    </ClCompile>
    <ClCompile Include="Source\GPlane.cpp">
      <Filter>Object\Shapes</Filter>
    </ClCompile>
    <ClCompile Include="Source\GPlaneXZ.cpp">
      <Filter>Object\Shapes</Filter>
    </ClCompile>
    <ClCompile Include="Source\GPlaneYZ.cpp">
      <Filter>Object\Shapes</Filter>
    </ClCompile>
    <ClCompile Include="Source\GTriangle.cpp">
      <Filter>Object\Shapes</Filter>
    </ClCompile>
    <ClCompile Include="Source\GSphere.cpp">
      <Filter>Object\Shapes</Filter>
    </ClCompile>
    <ClCompile Include="Source\GObject.cpp">
      <Filter>Object</Filter>
    </ClCompile>
    <ClCompile Include="Source\LightEyeCB.cpp">
      <Filter>ConstantBuffer</Filter>
    </ClCompile>
    <ClCompile Include="Source\GConstantBuffer.cpp">
      <Filter>ConstantBuffer</Filter>
    </ClCompile>
    <ClCompile Include="Source\ObjectTransformsCB.cpp">
      <Filter>ConstantBuffer</Filter>
    </ClCompile>
    <ClCompile Include="Source\RenderStates.cpp">
      <Filter>Source Files</Filter>
    </ClCompile>
    <ClCompile Include="Source\Vertex.cpp">
      <Filter>Source Files</Filter>
    </ClCompile>
    <ClCompile Include="Source\GShader.cpp">
      <Filter>Source Files</Filter>
    </ClCompile>
  </ItemGroup>
</Project>